// !$*UTF8*$!
{
	archiveVersion = 1;
	classes = {
	};
	objectVersion = 56;
	objects = {

/* Begin PBXBuildFile section */
		B1D072192C45DE33006C427E /* probable_octo_journeyApp.swift in Sources */ = {isa = PBXBuildFile; fileRef = B1D072182C45DE33006C427E /* probable_octo_journeyApp.swift */; };
		B1D0721B2C45DE34006C427E /* ContentView.swift in Sources */ = {isa = PBXBuildFile; fileRef = B1D0721A2C45DE34006C427E /* ContentView.swift */; };
		B1D0721D2C45DE34006C427E /* Item.swift in Sources */ = {isa = PBXBuildFile; fileRef = B1D0721C2C45DE34006C427E /* Item.swift */; };
		B1D0721F2C45DE34006C427E /* Assets.xcassets in Resources */ = {isa = PBXBuildFile; fileRef = B1D0721E2C45DE34006C427E /* Assets.xcassets */; };
		B1D072222C45DE34006C427E /* Preview Assets.xcassets in Resources */ = {isa = PBXBuildFile; fileRef = B1D072212C45DE34006C427E /* Preview Assets.xcassets */; };
		B1D0722E2C45E654006C427E /* GoogleService-Info.plist in Resources */ = {isa = PBXBuildFile; fileRef = B1D0722D2C45E654006C427E /* GoogleService-Info.plist */; };
		B1D072312C45E6BA006C427E /* FirebaseAnalytics in Frameworks */ = {isa = PBXBuildFile; productRef = B1D072302C45E6BA006C427E /* FirebaseAnalytics */; };
		B1D072332C45E6BA006C427E /* FirebaseAuth in Frameworks */ = {isa = PBXBuildFile; productRef = B1D072322C45E6BA006C427E /* FirebaseAuth */; };
		B1D072352C45E6BA006C427E /* FirebaseFirestore in Frameworks */ = {isa = PBXBuildFile; productRef = B1D072342C45E6BA006C427E /* FirebaseFirestore */; };
		B1D072372C45E6BA006C427E /* FirebaseStorage in Frameworks */ = {isa = PBXBuildFile; productRef = B1D072362C45E6BA006C427E /* FirebaseStorage */; };
		B1D072392C45E7F3006C427E /* ProductModel.swift in Sources */ = {isa = PBXBuildFile; fileRef = B1D072382C45E7F3006C427E /* ProductModel.swift */; };
		B1D0723B2C45E7FE006C427E /* ProductViewModel.swift in Sources */ = {isa = PBXBuildFile; fileRef = B1D0723A2C45E7FE006C427E /* ProductViewModel.swift */; };
		B1D0723D2C45E807006C427E /* ProductView.swift in Sources */ = {isa = PBXBuildFile; fileRef = B1D0723C2C45E807006C427E /* ProductView.swift */; };
		B1D072402C45F243006C427E /* AppUserModel.swift in Sources */ = {isa = PBXBuildFile; fileRef = B1D0723F2C45F243006C427E /* AppUserModel.swift */; };
		B1D072422C45F24A006C427E /* AppUserViewModel.swift in Sources */ = {isa = PBXBuildFile; fileRef = B1D072412C45F24A006C427E /* AppUserViewModel.swift */; };
		B1D072442C45F25A006C427E /* AppUserView.swift in Sources */ = {isa = PBXBuildFile; fileRef = B1D072432C45F25A006C427E /* AppUserView.swift */; };
		B1D072462C45F7A0006C427E /* OrderModel.swift in Sources */ = {isa = PBXBuildFile; fileRef = B1D072452C45F7A0006C427E /* OrderModel.swift */; };
		B1D072482C45F7BE006C427E /* OrderViewModel.swift in Sources */ = {isa = PBXBuildFile; fileRef = B1D072472C45F7BE006C427E /* OrderViewModel.swift */; };
		B1D0724A2C45F84B006C427E /* OrderView.swift in Sources */ = {isa = PBXBuildFile; fileRef = B1D072492C45F84B006C427E /* OrderView.swift */; };
/* End PBXBuildFile section */

/* Begin PBXFileReference section */
		B1D072152C45DE33006C427E /* probable-octo-journey.app */ = {isa = PBXFileReference; explicitFileType = wrapper.application; includeInIndex = 0; path = "probable-octo-journey.app"; sourceTree = BUILT_PRODUCTS_DIR; };
		B1D072182C45DE33006C427E /* probable_octo_journeyApp.swift */ = {isa = PBXFileReference; lastKnownFileType = sourcecode.swift; path = probable_octo_journeyApp.swift; sourceTree = "<group>"; };
		B1D0721A2C45DE34006C427E /* ContentView.swift */ = {isa = PBXFileReference; lastKnownFileType = sourcecode.swift; path = ContentView.swift; sourceTree = "<group>"; };
		B1D0721C2C45DE34006C427E /* Item.swift */ = {isa = PBXFileReference; lastKnownFileType = sourcecode.swift; path = Item.swift; sourceTree = "<group>"; };
		B1D0721E2C45DE34006C427E /* Assets.xcassets */ = {isa = PBXFileReference; lastKnownFileType = folder.assetcatalog; path = Assets.xcassets; sourceTree = "<group>"; };
		B1D072212C45DE34006C427E /* Preview Assets.xcassets */ = {isa = PBXFileReference; lastKnownFileType = folder.assetcatalog; path = "Preview Assets.xcassets"; sourceTree = "<group>"; };
		B1D0722D2C45E654006C427E /* GoogleService-Info.plist */ = {isa = PBXFileReference; fileEncoding = 4; lastKnownFileType = text.plist.xml; path = "GoogleService-Info.plist"; sourceTree = "<group>"; };
		B1D072382C45E7F3006C427E /* ProductModel.swift */ = {isa = PBXFileReference; lastKnownFileType = sourcecode.swift; path = ProductModel.swift; sourceTree = "<group>"; };
		B1D0723A2C45E7FE006C427E /* ProductViewModel.swift */ = {isa = PBXFileReference; lastKnownFileType = sourcecode.swift; path = ProductViewModel.swift; sourceTree = "<group>"; };
		B1D0723C2C45E807006C427E /* ProductView.swift */ = {isa = PBXFileReference; lastKnownFileType = sourcecode.swift; path = ProductView.swift; sourceTree = "<group>"; };
		B1D0723F2C45F243006C427E /* AppUserModel.swift */ = {isa = PBXFileReference; lastKnownFileType = sourcecode.swift; path = AppUserModel.swift; sourceTree = "<group>"; };
		B1D072412C45F24A006C427E /* AppUserViewModel.swift */ = {isa = PBXFileReference; lastKnownFileType = sourcecode.swift; path = AppUserViewModel.swift; sourceTree = "<group>"; };
		B1D072432C45F25A006C427E /* AppUserView.swift */ = {isa = PBXFileReference; lastKnownFileType = sourcecode.swift; path = AppUserView.swift; sourceTree = "<group>"; };
		B1D072452C45F7A0006C427E /* OrderModel.swift */ = {isa = PBXFileReference; lastKnownFileType = sourcecode.swift; path = OrderModel.swift; sourceTree = "<group>"; };
		B1D072472C45F7BE006C427E /* OrderViewModel.swift */ = {isa = PBXFileReference; lastKnownFileType = sourcecode.swift; path = OrderViewModel.swift; sourceTree = "<group>"; };
		B1D072492C45F84B006C427E /* OrderView.swift */ = {isa = PBXFileReference; lastKnownFileType = sourcecode.swift; path = OrderView.swift; sourceTree = "<group>"; };
/* End PBXFileReference section */

/* Begin PBXFrameworksBuildPhase section */
		B1D072122C45DE33006C427E /* Frameworks */ = {
			isa = PBXFrameworksBuildPhase;
			buildActionMask = 2147483647;
			files = (
				B1D072312C45E6BA006C427E /* FirebaseAnalytics in Frameworks */,
				B1D072372C45E6BA006C427E /* FirebaseStorage in Frameworks */,
				B1D072332C45E6BA006C427E /* FirebaseAuth in Frameworks */,
				B1D072352C45E6BA006C427E /* FirebaseFirestore in Frameworks */,
			);
			runOnlyForDeploymentPostprocessing = 0;
		};
/* End PBXFrameworksBuildPhase section */

/* Begin PBXGroup section */
		B1D0720C2C45DE33006C427E = {
			isa = PBXGroup;
			children = (
				B1D0722D2C45E654006C427E /* GoogleService-Info.plist */,
				B1D072172C45DE33006C427E /* probable-octo-journey */,
				B1D072162C45DE33006C427E /* Products */,
			);
			sourceTree = "<group>";
		};
		B1D072162C45DE33006C427E /* Products */ = {
			isa = PBXGroup;
			children = (
				B1D072152C45DE33006C427E /* probable-octo-journey.app */,
			);
			name = Products;
			sourceTree = "<group>";
		};
		B1D072172C45DE33006C427E /* probable-octo-journey */ = {
			isa = PBXGroup;
			children = (
				B1D072182C45DE33006C427E /* probable_octo_journeyApp.swift */,
				B1D0721A2C45DE34006C427E /* ContentView.swift */,
				B1D0723E2C45F232006C427E /* User */,
				B1D0722C2C45E1E4006C427E /* Delivery */,
				B1D0722B2C45E1DC006C427E /* Analytics */,
				B1D0722A2C45E1D5006C427E /* Payment */,
				B1D072282C45E1B5006C427E /* Ordering */,
				B1D072292C45E1C2006C427E /* Inventory */,
				B1D0721C2C45DE34006C427E /* Item.swift */,
				B1D0721E2C45DE34006C427E /* Assets.xcassets */,
				B1D072202C45DE34006C427E /* Preview Content */,
			);
			path = "probable-octo-journey";
			sourceTree = "<group>";
		};
		B1D072202C45DE34006C427E /* Preview Content */ = {
			isa = PBXGroup;
			children = (
				B1D072212C45DE34006C427E /* Preview Assets.xcassets */,
			);
			path = "Preview Content";
			sourceTree = "<group>";
		};
		B1D072282C45E1B5006C427E /* Ordering */ = {
			isa = PBXGroup;
			children = (
				B1D072492C45F84B006C427E /* OrderView.swift */,
				B1D072452C45F7A0006C427E /* OrderModel.swift */,
				B1D072472C45F7BE006C427E /* OrderViewModel.swift */,
			);
			path = Ordering;
			sourceTree = "<group>";
		};
		B1D072292C45E1C2006C427E /* Inventory */ = {
			isa = PBXGroup;
			children = (
				B1D0723C2C45E807006C427E /* ProductView.swift */,
				B1D0723A2C45E7FE006C427E /* ProductViewModel.swift */,
				B1D072382C45E7F3006C427E /* ProductModel.swift */,
			);
			path = Inventory;
			sourceTree = "<group>";
		};
		B1D0722A2C45E1D5006C427E /* Payment */ = {
			isa = PBXGroup;
			children = (
			);
			path = Payment;
			sourceTree = "<group>";
		};
		B1D0722B2C45E1DC006C427E /* Analytics */ = {
			isa = PBXGroup;
			children = (
			);
			path = Analytics;
			sourceTree = "<group>";
		};
		B1D0722C2C45E1E4006C427E /* Delivery */ = {
			isa = PBXGroup;
			children = (
			);
			path = Delivery;
			sourceTree = "<group>";
		};
		B1D0723E2C45F232006C427E /* User */ = {
			isa = PBXGroup;
			children = (
				B1D072432C45F25A006C427E /* AppUserView.swift */,
				B1D072412C45F24A006C427E /* AppUserViewModel.swift */,
				B1D0723F2C45F243006C427E /* AppUserModel.swift */,
			);
			path = User;
			sourceTree = "<group>";
		};
/* End PBXGroup section */

/* Begin PBXNativeTarget section */
		B1D072142C45DE33006C427E /* probable-octo-journey */ = {
			isa = PBXNativeTarget;
			buildConfigurationList = B1D072252C45DE34006C427E /* Build configuration list for PBXNativeTarget "probable-octo-journey" */;
			buildPhases = (
				B1D072112C45DE33006C427E /* Sources */,
				B1D072122C45DE33006C427E /* Frameworks */,
				B1D072132C45DE33006C427E /* Resources */,
			);
			buildRules = (
			);
			dependencies = (
			);
			name = "probable-octo-journey";
			packageProductDependencies = (
				B1D072302C45E6BA006C427E /* FirebaseAnalytics */,
				B1D072322C45E6BA006C427E /* FirebaseAuth */,
				B1D072342C45E6BA006C427E /* FirebaseFirestore */,
				B1D072362C45E6BA006C427E /* FirebaseStorage */,
			);
			productName = "probable-octo-journey";
			productReference = B1D072152C45DE33006C427E /* probable-octo-journey.app */;
			productType = "com.apple.product-type.application";
		};
/* End PBXNativeTarget section */

/* Begin PBXProject section */
		B1D0720D2C45DE33006C427E /* Project object */ = {
			isa = PBXProject;
			attributes = {
				BuildIndependentTargetsInParallel = 1;
				LastSwiftUpdateCheck = 1540;
				LastUpgradeCheck = 1540;
				TargetAttributes = {
					B1D072142C45DE33006C427E = {
						CreatedOnToolsVersion = 15.4;
					};
				};
			};
			buildConfigurationList = B1D072102C45DE33006C427E /* Build configuration list for PBXProject "probable-octo-journey" */;
			compatibilityVersion = "Xcode 14.0";
			developmentRegion = en;
			hasScannedForEncodings = 0;
			knownRegions = (
				en,
				Base,
			);
			mainGroup = B1D0720C2C45DE33006C427E;
			packageReferences = (
				B1D0722F2C45E6BA006C427E /* XCRemoteSwiftPackageReference "firebase-ios-sdk" */,
			);
			productRefGroup = B1D072162C45DE33006C427E /* Products */;
			projectDirPath = "";
			projectRoot = "";
			targets = (
				B1D072142C45DE33006C427E /* probable-octo-journey */,
			);
		};
/* End PBXProject section */

/* Begin PBXResourcesBuildPhase section */
		B1D072132C45DE33006C427E /* Resources */ = {
			isa = PBXResourcesBuildPhase;
			buildActionMask = 2147483647;
			files = (
				B1D072222C45DE34006C427E /* Preview Assets.xcassets in Resources */,
				B1D0721F2C45DE34006C427E /* Assets.xcassets in Resources */,
				B1D0722E2C45E654006C427E /* GoogleService-Info.plist in Resources */,
			);
			runOnlyForDeploymentPostprocessing = 0;
		};
/* End PBXResourcesBuildPhase section */

/* Begin PBXSourcesBuildPhase section */
		B1D072112C45DE33006C427E /* Sources */ = {
			isa = PBXSourcesBuildPhase;
			buildActionMask = 2147483647;
			files = (
				B1D0721B2C45DE34006C427E /* ContentView.swift in Sources */,
				B1D072482C45F7BE006C427E /* OrderViewModel.swift in Sources */,
				B1D0721D2C45DE34006C427E /* Item.swift in Sources */,
				B1D072462C45F7A0006C427E /* OrderModel.swift in Sources */,
				B1D072192C45DE33006C427E /* probable_octo_journeyApp.swift in Sources */,
				B1D072402C45F243006C427E /* AppUserModel.swift in Sources */,
				B1D072392C45E7F3006C427E /* ProductModel.swift in Sources */,
				B1D072442C45F25A006C427E /* AppUserView.swift in Sources */,
				B1D072422C45F24A006C427E /* AppUserViewModel.swift in Sources */,
				B1D0724A2C45F84B006C427E /* OrderView.swift in Sources */,
				B1D0723D2C45E807006C427E /* ProductView.swift in Sources */,
				B1D0723B2C45E7FE006C427E /* ProductViewModel.swift in Sources */,
			);
			runOnlyForDeploymentPostprocessing = 0;
		};
/* End PBXSourcesBuildPhase section */

/* Begin XCBuildConfiguration section */
		B1D072232C45DE34006C427E /* Debug */ = {
			isa = XCBuildConfiguration;
			buildSettings = {
				ALWAYS_SEARCH_USER_PATHS = NO;
				ASSETCATALOG_COMPILER_GENERATE_SWIFT_ASSET_SYMBOL_EXTENSIONS = YES;
				CLANG_ANALYZER_NONNULL = YES;
				CLANG_ANALYZER_NUMBER_OBJECT_CONVERSION = YES_AGGRESSIVE;
				CLANG_CXX_LANGUAGE_STANDARD = "gnu++20";
				CLANG_ENABLE_MODULES = YES;
				CLANG_ENABLE_OBJC_ARC = YES;
				CLANG_ENABLE_OBJC_WEAK = YES;
				CLANG_WARN_BLOCK_CAPTURE_AUTORELEASING = YES;
				CLANG_WARN_BOOL_CONVERSION = YES;
				CLANG_WARN_COMMA = YES;
				CLANG_WARN_CONSTANT_CONVERSION = YES;
				CLANG_WARN_DEPRECATED_OBJC_IMPLEMENTATIONS = YES;
				CLANG_WARN_DIRECT_OBJC_ISA_USAGE = YES_ERROR;
				CLANG_WARN_DOCUMENTATION_COMMENTS = YES;
				CLANG_WARN_EMPTY_BODY = YES;
				CLANG_WARN_ENUM_CONVERSION = YES;
				CLANG_WARN_INFINITE_RECURSION = YES;
				CLANG_WARN_INT_CONVERSION = YES;
				CLANG_WARN_NON_LITERAL_NULL_CONVERSION = YES;
				CLANG_WARN_OBJC_IMPLICIT_RETAIN_SELF = YES;
				CLANG_WARN_OBJC_LITERAL_CONVERSION = YES;
				CLANG_WARN_OBJC_ROOT_CLASS = YES_ERROR;
				CLANG_WARN_QUOTED_INCLUDE_IN_FRAMEWORK_HEADER = YES;
				CLANG_WARN_RANGE_LOOP_ANALYSIS = YES;
				CLANG_WARN_STRICT_PROTOTYPES = YES;
				CLANG_WARN_SUSPICIOUS_MOVE = YES;
				CLANG_WARN_UNGUARDED_AVAILABILITY = YES_AGGRESSIVE;
				CLANG_WARN_UNREACHABLE_CODE = YES;
				CLANG_WARN__DUPLICATE_METHOD_MATCH = YES;
				COPY_PHASE_STRIP = NO;
				DEBUG_INFORMATION_FORMAT = dwarf;
				ENABLE_STRICT_OBJC_MSGSEND = YES;
				ENABLE_TESTABILITY = YES;
				ENABLE_USER_SCRIPT_SANDBOXING = YES;
				GCC_C_LANGUAGE_STANDARD = gnu17;
				GCC_DYNAMIC_NO_PIC = NO;
				GCC_NO_COMMON_BLOCKS = YES;
				GCC_OPTIMIZATION_LEVEL = 0;
				GCC_PREPROCESSOR_DEFINITIONS = (
					"DEBUG=1",
					"$(inherited)",
				);
				GCC_WARN_64_TO_32_BIT_CONVERSION = YES;
				GCC_WARN_ABOUT_RETURN_TYPE = YES_ERROR;
				GCC_WARN_UNDECLARED_SELECTOR = YES;
				GCC_WARN_UNINITIALIZED_AUTOS = YES_AGGRESSIVE;
				GCC_WARN_UNUSED_FUNCTION = YES;
				GCC_WARN_UNUSED_VARIABLE = YES;
				IPHONEOS_DEPLOYMENT_TARGET = 17.5;
				LOCALIZATION_PREFERS_STRING_CATALOGS = YES;
				MTL_ENABLE_DEBUG_INFO = INCLUDE_SOURCE;
				MTL_FAST_MATH = YES;
				ONLY_ACTIVE_ARCH = YES;
				SDKROOT = iphoneos;
				SWIFT_ACTIVE_COMPILATION_CONDITIONS = "DEBUG $(inherited)";
				SWIFT_OPTIMIZATION_LEVEL = "-Onone";
			};
			name = Debug;
		};
		B1D072242C45DE34006C427E /* Release */ = {
			isa = XCBuildConfiguration;
			buildSettings = {
				ALWAYS_SEARCH_USER_PATHS = NO;
				ASSETCATALOG_COMPILER_GENERATE_SWIFT_ASSET_SYMBOL_EXTENSIONS = YES;
				CLANG_ANALYZER_NONNULL = YES;
				CLANG_ANALYZER_NUMBER_OBJECT_CONVERSION = YES_AGGRESSIVE;
				CLANG_CXX_LANGUAGE_STANDARD = "gnu++20";
				CLANG_ENABLE_MODULES = YES;
				CLANG_ENABLE_OBJC_ARC = YES;
				CLANG_ENABLE_OBJC_WEAK = YES;
				CLANG_WARN_BLOCK_CAPTURE_AUTORELEASING = YES;
				CLANG_WARN_BOOL_CONVERSION = YES;
				CLANG_WARN_COMMA = YES;
				CLANG_WARN_CONSTANT_CONVERSION = YES;
				CLANG_WARN_DEPRECATED_OBJC_IMPLEMENTATIONS = YES;
				CLANG_WARN_DIRECT_OBJC_ISA_USAGE = YES_ERROR;
				CLANG_WARN_DOCUMENTATION_COMMENTS = YES;
				CLANG_WARN_EMPTY_BODY = YES;
				CLANG_WARN_ENUM_CONVERSION = YES;
				CLANG_WARN_INFINITE_RECURSION = YES;
				CLANG_WARN_INT_CONVERSION = YES;
				CLANG_WARN_NON_LITERAL_NULL_CONVERSION = YES;
				CLANG_WARN_OBJC_IMPLICIT_RETAIN_SELF = YES;
				CLANG_WARN_OBJC_LITERAL_CONVERSION = YES;
				CLANG_WARN_OBJC_ROOT_CLASS = YES_ERROR;
				CLANG_WARN_QUOTED_INCLUDE_IN_FRAMEWORK_HEADER = YES;
				CLANG_WARN_RANGE_LOOP_ANALYSIS = YES;
				CLANG_WARN_STRICT_PROTOTYPES = YES;
				CLANG_WARN_SUSPICIOUS_MOVE = YES;
				CLANG_WARN_UNGUARDED_AVAILABILITY = YES_AGGRESSIVE;
				CLANG_WARN_UNREACHABLE_CODE = YES;
				CLANG_WARN__DUPLICATE_METHOD_MATCH = YES;
				COPY_PHASE_STRIP = NO;
				DEBUG_INFORMATION_FORMAT = "dwarf-with-dsym";
				ENABLE_NS_ASSERTIONS = NO;
				ENABLE_STRICT_OBJC_MSGSEND = YES;
				ENABLE_USER_SCRIPT_SANDBOXING = YES;
				GCC_C_LANGUAGE_STANDARD = gnu17;
				GCC_NO_COMMON_BLOCKS = YES;
				GCC_WARN_64_TO_32_BIT_CONVERSION = YES;
				GCC_WARN_ABOUT_RETURN_TYPE = YES_ERROR;
				GCC_WARN_UNDECLARED_SELECTOR = YES;
				GCC_WARN_UNINITIALIZED_AUTOS = YES_AGGRESSIVE;
				GCC_WARN_UNUSED_FUNCTION = YES;
				GCC_WARN_UNUSED_VARIABLE = YES;
				IPHONEOS_DEPLOYMENT_TARGET = 17.5;
				LOCALIZATION_PREFERS_STRING_CATALOGS = YES;
				MTL_ENABLE_DEBUG_INFO = NO;
				MTL_FAST_MATH = YES;
				SDKROOT = iphoneos;
				SWIFT_COMPILATION_MODE = wholemodule;
				VALIDATE_PRODUCT = YES;
			};
			name = Release;
		};
		B1D072262C45DE34006C427E /* Debug */ = {
			isa = XCBuildConfiguration;
			buildSettings = {
				ASSETCATALOG_COMPILER_APPICON_NAME = AppIcon;
				ASSETCATALOG_COMPILER_GLOBAL_ACCENT_COLOR_NAME = AccentColor;
				CODE_SIGN_STYLE = Automatic;
				CURRENT_PROJECT_VERSION = 1;
				DEVELOPMENT_ASSET_PATHS = "\"probable-octo-journey/Preview Content\"";
				DEVELOPMENT_TEAM = 6W56PZLJZG;
				ENABLE_PREVIEWS = YES;
				GENERATE_INFOPLIST_FILE = YES;
				INFOPLIST_KEY_UIApplicationSceneManifest_Generation = YES;
				INFOPLIST_KEY_UIApplicationSupportsIndirectInputEvents = YES;
				INFOPLIST_KEY_UILaunchScreen_Generation = YES;
				INFOPLIST_KEY_UISupportedInterfaceOrientations_iPad = "UIInterfaceOrientationPortrait UIInterfaceOrientationPortraitUpsideDown UIInterfaceOrientationLandscapeLeft UIInterfaceOrientationLandscapeRight";
				INFOPLIST_KEY_UISupportedInterfaceOrientations_iPhone = "UIInterfaceOrientationPortrait UIInterfaceOrientationLandscapeLeft UIInterfaceOrientationLandscapeRight";
				LD_RUNPATH_SEARCH_PATHS = (
					"$(inherited)",
					"@executable_path/Frameworks",
				);
				MARKETING_VERSION = 1.0;
				PRODUCT_BUNDLE_IDENTIFIER = "com.pjb.den.probable-octo-journey";
				PRODUCT_NAME = "$(TARGET_NAME)";
				SWIFT_EMIT_LOC_STRINGS = YES;
				SWIFT_VERSION = 5.0;
				TARGETED_DEVICE_FAMILY = "1,2";
			};
			name = Debug;
		};
		B1D072272C45DE34006C427E /* Release */ = {
			isa = XCBuildConfiguration;
			buildSettings = {
				ASSETCATALOG_COMPILER_APPICON_NAME = AppIcon;
				ASSETCATALOG_COMPILER_GLOBAL_ACCENT_COLOR_NAME = AccentColor;
				CODE_SIGN_STYLE = Automatic;
				CURRENT_PROJECT_VERSION = 1;
				DEVELOPMENT_ASSET_PATHS = "\"probable-octo-journey/Preview Content\"";
				DEVELOPMENT_TEAM = 6W56PZLJZG;
				ENABLE_PREVIEWS = YES;
				GENERATE_INFOPLIST_FILE = YES;
				INFOPLIST_KEY_UIApplicationSceneManifest_Generation = YES;
				INFOPLIST_KEY_UIApplicationSupportsIndirectInputEvents = YES;
				INFOPLIST_KEY_UILaunchScreen_Generation = YES;
				INFOPLIST_KEY_UISupportedInterfaceOrientations_iPad = "UIInterfaceOrientationPortrait UIInterfaceOrientationPortraitUpsideDown UIInterfaceOrientationLandscapeLeft UIInterfaceOrientationLandscapeRight";
				INFOPLIST_KEY_UISupportedInterfaceOrientations_iPhone = "UIInterfaceOrientationPortrait UIInterfaceOrientationLandscapeLeft UIInterfaceOrientationLandscapeRight";
				LD_RUNPATH_SEARCH_PATHS = (
					"$(inherited)",
					"@executable_path/Frameworks",
				);
				MARKETING_VERSION = 1.0;
				PRODUCT_BUNDLE_IDENTIFIER = "com.pjb.den.probable-octo-journey";
				PRODUCT_NAME = "$(TARGET_NAME)";
				SWIFT_EMIT_LOC_STRINGS = YES;
				SWIFT_VERSION = 5.0;
				TARGETED_DEVICE_FAMILY = "1,2";
			};
			name = Release;
		};
/* End XCBuildConfiguration section */

/* Begin XCConfigurationList section */
		B1D072102C45DE33006C427E /* Build configuration list for PBXProject "probable-octo-journey" */ = {
			isa = XCConfigurationList;
			buildConfigurations = (
				B1D072232C45DE34006C427E /* Debug */,
				B1D072242C45DE34006C427E /* Release */,
			);
			defaultConfigurationIsVisible = 0;
			defaultConfigurationName = Release;
		};
		B1D072252C45DE34006C427E /* Build configuration list for PBXNativeTarget "probable-octo-journey" */ = {
			isa = XCConfigurationList;
			buildConfigurations = (
				B1D072262C45DE34006C427E /* Debug */,
				B1D072272C45DE34006C427E /* Release */,
			);
			defaultConfigurationIsVisible = 0;
			defaultConfigurationName = Release;
		};
/* End XCConfigurationList section */

/* Begin XCRemoteSwiftPackageReference section */
		B1D0722F2C45E6BA006C427E /* XCRemoteSwiftPackageReference "firebase-ios-sdk" */ = {
			isa = XCRemoteSwiftPackageReference;
			repositoryURL = "https://github.com/firebase/firebase-ios-sdk";
			requirement = {
				kind = upToNextMajorVersion;
				minimumVersion = 10.29.0;
			};
		};
/* End XCRemoteSwiftPackageReference section */

/* Begin XCSwiftPackageProductDependency section */
		B1D072302C45E6BA006C427E /* FirebaseAnalytics */ = {
			isa = XCSwiftPackageProductDependency;
			package = B1D0722F2C45E6BA006C427E /* XCRemoteSwiftPackageReference "firebase-ios-sdk" */;
			productName = FirebaseAnalytics;
		};
		B1D072322C45E6BA006C427E /* FirebaseAuth */ = {
			isa = XCSwiftPackageProductDependency;
			package = B1D0722F2C45E6BA006C427E /* XCRemoteSwiftPackageReference "firebase-ios-sdk" */;
			productName = FirebaseAuth;
		};
		B1D072342C45E6BA006C427E /* FirebaseFirestore */ = {
			isa = XCSwiftPackageProductDependency;
			package = B1D0722F2C45E6BA006C427E /* XCRemoteSwiftPackageReference "firebase-ios-sdk" */;
			productName = FirebaseFirestore;
		};
		B1D072362C45E6BA006C427E /* FirebaseStorage */ = {
			isa = XCSwiftPackageProductDependency;
			package = B1D0722F2C45E6BA006C427E /* XCRemoteSwiftPackageReference "firebase-ios-sdk" */;
			productName = FirebaseStorage;
		};
/* End XCSwiftPackageProductDependency section */
	};
	rootObject = B1D0720D2C45DE33006C427E /* Project object */;
}
